
Microsoft Visual Studio Solution File, Format Version 12.00
Project("{2150E333-8FDC-42A3-9474-1A3956D46DE8}") = "src", "src", "{0FF596BA-A1EC-4EA8-A93A-426428143359}"
EndProject
Project("{FAE04EC0-301F-11D3-BF4B-00C04F79EFBC}") = "Tortis.Iam.Server", "src\Tortis.Iam.Server\Tortis.Iam.Server.csproj", "{E4CEAD23-5CBC-4998-A5F4-60D7E84AE0B2}"
EndProject
Project("{2150E333-8FDC-42A3-9474-1A3956D46DE8}") = "samples", "samples", "{8A86F417-9728-4F82-ACFE-D68D40025430}"
EndProject
Project("{FAE04EC0-301F-11D3-BF4B-00C04F79EFBC}") = "Sample.RazorPages", "samples\Sample.RazorPages\Sample.RazorPages.csproj", "{B68ED2BF-5760-4F30-8877-1E2352615960}"
EndProject
Project("{2150E333-8FDC-42A3-9474-1A3956D46DE8}") = "tests", "tests", "{933272D7-B5A4-4546-9AB5-2224E664040E}"
EndProject
Project("{FAE04EC0-301F-11D3-BF4B-00C04F79EFBC}") = "OpenIdConnectTests", "tests\OpenIdConnectTests\OpenIdConnectTests.csproj", "{65C6D4D7-F6C3-4D01-9737-3F1B664A6AB0}"
EndProject
Project("{FAE04EC0-301F-11D3-BF4B-00C04F79EFBC}") = "Tortis.Iam.Database", "src\Tortis.Iam.Database\Tortis.Iam.Database.csproj", "{5CE1DAB5-4884-42BE-9043-D0E72CCFA4E3}"
EndProject
Project("{FAE04EC0-301F-11D3-BF4B-00C04F79EFBC}") = "Tortis.Iam.OpenIddict.JwtBearer", "src\Tortis.Iam.OpenIddict.JwtBearer\Tortis.Iam.OpenIddict.JwtBearer.csproj", "{D92131D7-74CC-4F5A-8E9D-1DCB89A88EBE}"
EndProject
Global
	GlobalSection(SolutionConfigurationPlatforms) = preSolution
		Debug|Any CPU = Debug|Any CPU
		Debug|x64 = Debug|x64
		Debug|x86 = Debug|x86
		Release|Any CPU = Release|Any CPU
		Release|x64 = Release|x64
		Release|x86 = Release|x86
	EndGlobalSection
	GlobalSection(ProjectConfigurationPlatforms) = postSolution
		{E4CEAD23-5CBC-4998-A5F4-60D7E84AE0B2}.Debug|Any CPU.ActiveCfg = Debug|Any CPU
		{E4CEAD23-5CBC-4998-A5F4-60D7E84AE0B2}.Debug|Any CPU.Build.0 = Debug|Any CPU
		{E4CEAD23-5CBC-4998-A5F4-60D7E84AE0B2}.Debug|x64.ActiveCfg = Debug|Any CPU
		{E4CEAD23-5CBC-4998-A5F4-60D7E84AE0B2}.Debug|x64.Build.0 = Debug|Any CPU
		{E4CEAD23-5CBC-4998-A5F4-60D7E84AE0B2}.Debug|x86.ActiveCfg = Debug|Any CPU
		{E4CEAD23-5CBC-4998-A5F4-60D7E84AE0B2}.Debug|x86.Build.0 = Debug|Any CPU
		{E4CEAD23-5CBC-4998-A5F4-60D7E84AE0B2}.Release|Any CPU.ActiveCfg = Release|Any CPU
		{E4CEAD23-5CBC-4998-A5F4-60D7E84AE0B2}.Release|Any CPU.Build.0 = Release|Any CPU
		{E4CEAD23-5CBC-4998-A5F4-60D7E84AE0B2}.Release|x64.ActiveCfg = Release|Any CPU
		{E4CEAD23-5CBC-4998-A5F4-60D7E84AE0B2}.Release|x64.Build.0 = Release|Any CPU
		{E4CEAD23-5CBC-4998-A5F4-60D7E84AE0B2}.Release|x86.ActiveCfg = Release|Any CPU
		{E4CEAD23-5CBC-4998-A5F4-60D7E84AE0B2}.Release|x86.Build.0 = Release|Any CPU
		{B68ED2BF-5760-4F30-8877-1E2352615960}.Debug|Any CPU.ActiveCfg = Debug|Any CPU
		{B68ED2BF-5760-4F30-8877-1E2352615960}.Debug|Any CPU.Build.0 = Debug|Any CPU
		{B68ED2BF-5760-4F30-8877-1E2352615960}.Debug|x64.ActiveCfg = Debug|Any CPU
		{B68ED2BF-5760-4F30-8877-1E2352615960}.Debug|x64.Build.0 = Debug|Any CPU
		{B68ED2BF-5760-4F30-8877-1E2352615960}.Debug|x86.ActiveCfg = Debug|Any CPU
		{B68ED2BF-5760-4F30-8877-1E2352615960}.Debug|x86.Build.0 = Debug|Any CPU
		{B68ED2BF-5760-4F30-8877-1E2352615960}.Release|Any CPU.ActiveCfg = Release|Any CPU
		{B68ED2BF-5760-4F30-8877-1E2352615960}.Release|Any CPU.Build.0 = Release|Any CPU
		{B68ED2BF-5760-4F30-8877-1E2352615960}.Release|x64.ActiveCfg = Release|Any CPU
		{B68ED2BF-5760-4F30-8877-1E2352615960}.Release|x64.Build.0 = Release|Any CPU
		{B68ED2BF-5760-4F30-8877-1E2352615960}.Release|x86.ActiveCfg = Release|Any CPU
		{B68ED2BF-5760-4F30-8877-1E2352615960}.Release|x86.Build.0 = Release|Any CPU
		{65C6D4D7-F6C3-4D01-9737-3F1B664A6AB0}.Debug|Any CPU.ActiveCfg = Debug|Any CPU
		{65C6D4D7-F6C3-4D01-9737-3F1B664A6AB0}.Debug|Any CPU.Build.0 = Debug|Any CPU
		{65C6D4D7-F6C3-4D01-9737-3F1B664A6AB0}.Debug|x64.ActiveCfg = Debug|Any CPU
		{65C6D4D7-F6C3-4D01-9737-3F1B664A6AB0}.Debug|x64.Build.0 = Debug|Any CPU
		{65C6D4D7-F6C3-4D01-9737-3F1B664A6AB0}.Debug|x86.ActiveCfg = Debug|Any CPU
		{65C6D4D7-F6C3-4D01-9737-3F1B664A6AB0}.Debug|x86.Build.0 = Debug|Any CPU
		{65C6D4D7-F6C3-4D01-9737-3F1B664A6AB0}.Release|Any CPU.ActiveCfg = Release|Any CPU
		{65C6D4D7-F6C3-4D01-9737-3F1B664A6AB0}.Release|Any CPU.Build.0 = Release|Any CPU
		{65C6D4D7-F6C3-4D01-9737-3F1B664A6AB0}.Release|x64.ActiveCfg = Release|Any CPU
		{65C6D4D7-F6C3-4D01-9737-3F1B664A6AB0}.Release|x64.Build.0 = Release|Any CPU
		{65C6D4D7-F6C3-4D01-9737-3F1B664A6AB0}.Release|x86.ActiveCfg = Release|Any CPU
		{65C6D4D7-F6C3-4D01-9737-3F1B664A6AB0}.Release|x86.Build.0 = Release|Any CPU
		{5CE1DAB5-4884-42BE-9043-D0E72CCFA4E3}.Debug|Any CPU.ActiveCfg = Debug|Any CPU
		{5CE1DAB5-4884-42BE-9043-D0E72CCFA4E3}.Debug|Any CPU.Build.0 = Debug|Any CPU
		{5CE1DAB5-4884-42BE-9043-D0E72CCFA4E3}.Debug|x64.ActiveCfg = Debug|Any CPU
		{5CE1DAB5-4884-42BE-9043-D0E72CCFA4E3}.Debug|x64.Build.0 = Debug|Any CPU
		{5CE1DAB5-4884-42BE-9043-D0E72CCFA4E3}.Debug|x86.ActiveCfg = Debug|Any CPU
		{5CE1DAB5-4884-42BE-9043-D0E72CCFA4E3}.Debug|x86.Build.0 = Debug|Any CPU
		{5CE1DAB5-4884-42BE-9043-D0E72CCFA4E3}.Release|Any CPU.ActiveCfg = Release|Any CPU
		{5CE1DAB5-4884-42BE-9043-D0E72CCFA4E3}.Release|Any CPU.Build.0 = Release|Any CPU
		{5CE1DAB5-4884-42BE-9043-D0E72CCFA4E3}.Release|x64.ActiveCfg = Release|Any CPU
		{5CE1DAB5-4884-42BE-9043-D0E72CCFA4E3}.Release|x64.Build.0 = Release|Any CPU
		{5CE1DAB5-4884-42BE-9043-D0E72CCFA4E3}.Release|x86.ActiveCfg = Release|Any CPU
		{5CE1DAB5-4884-42BE-9043-D0E72CCFA4E3}.Release|x86.Build.0 = Release|Any CPU
		{D92131D7-74CC-4F5A-8E9D-1DCB89A88EBE}.Debug|Any CPU.ActiveCfg = Debug|Any CPU
		{D92131D7-74CC-4F5A-8E9D-1DCB89A88EBE}.Debug|Any CPU.Build.0 = Debug|Any CPU
		{D92131D7-74CC-4F5A-8E9D-1DCB89A88EBE}.Debug|x64.ActiveCfg = Debug|Any CPU
		{D92131D7-74CC-4F5A-8E9D-1DCB89A88EBE}.Debug|x64.Build.0 = Debug|Any CPU
		{D92131D7-74CC-4F5A-8E9D-1DCB89A88EBE}.Debug|x86.ActiveCfg = Debug|Any CPU
		{D92131D7-74CC-4F5A-8E9D-1DCB89A88EBE}.Debug|x86.Build.0 = Debug|Any CPU
		{D92131D7-74CC-4F5A-8E9D-1DCB89A88EBE}.Release|Any CPU.ActiveCfg = Release|Any CPU
		{D92131D7-74CC-4F5A-8E9D-1DCB89A88EBE}.Release|Any CPU.Build.0 = Release|Any CPU
		{D92131D7-74CC-4F5A-8E9D-1DCB89A88EBE}.Release|x64.ActiveCfg = Release|Any CPU
		{D92131D7-74CC-4F5A-8E9D-1DCB89A88EBE}.Release|x64.Build.0 = Release|Any CPU
		{D92131D7-74CC-4F5A-8E9D-1DCB89A88EBE}.Release|x86.ActiveCfg = Release|Any CPU
		{D92131D7-74CC-4F5A-8E9D-1DCB89A88EBE}.Release|x86.Build.0 = Release|Any CPU
	EndGlobalSection
	GlobalSection(SolutionProperties) = preSolution
		HideSolutionNode = FALSE
	EndGlobalSection
	GlobalSection(NestedProjects) = preSolution
		{E4CEAD23-5CBC-4998-A5F4-60D7E84AE0B2} = {0FF596BA-A1EC-4EA8-A93A-426428143359}
		{B68ED2BF-5760-4F30-8877-1E2352615960} = {8A86F417-9728-4F82-ACFE-D68D40025430}
		{65C6D4D7-F6C3-4D01-9737-3F1B664A6AB0} = {933272D7-B5A4-4546-9AB5-2224E664040E}
		{5CE1DAB5-4884-42BE-9043-D0E72CCFA4E3} = {0FF596BA-A1EC-4EA8-A93A-426428143359}
		{D92131D7-74CC-4F5A-8E9D-1DCB89A88EBE} = {0FF596BA-A1EC-4EA8-A93A-426428143359}
	EndGlobalSection
EndGlobal
